// !$*UTF8*$!
{
	archiveVersion = 1;
	classes = {
	};
	objectVersion = 55;
	objects = {

/* Begin PBXBuildFile section */
		4565256C27FEDBE00021A313 /* AniLibTest.docc in Sources */ = {isa = PBXBuildFile; fileRef = 4565256B27FEDBE00021A313 /* AniLibTest.docc */; };
		4565257227FEDBE00021A313 /* AniLibTest.framework in Frameworks */ = {isa = PBXBuildFile; fileRef = 4565256727FEDBE00021A313 /* AniLibTest.framework */; };
		4565257727FEDBE00021A313 /* AniLibTestTests.swift in Sources */ = {isa = PBXBuildFile; fileRef = 4565257627FEDBE00021A313 /* AniLibTestTests.swift */; };
		4565257827FEDBE00021A313 /* AniLibTest.h in Headers */ = {isa = PBXBuildFile; fileRef = 4565256A27FEDBE00021A313 /* AniLibTest.h */; settings = {ATTRIBUTES = (Public, ); }; };
/* End PBXBuildFile section */

/* Begin PBXContainerItemProxy section */
		4565257327FEDBE00021A313 /* PBXContainerItemProxy */ = {
			isa = PBXContainerItemProxy;
			containerPortal = 4565255E27FEDBE00021A313 /* Project object */;
			proxyType = 1;
			remoteGlobalIDString = 4565256627FEDBE00021A313;
			remoteInfo = AniLibTest;
		};
/* End PBXContainerItemProxy section */

/* Begin PBXFileReference section */
		4565256727FEDBE00021A313 /* AniLibTest.framework */ = {isa = PBXFileReference; explicitFileType = wrapper.framework; includeInIndex = 0; path = AniLibTest.framework; sourceTree = BUILT_PRODUCTS_DIR; };
		4565256A27FEDBE00021A313 /* AniLibTest.h */ = {isa = PBXFileReference; lastKnownFileType = sourcecode.c.h; path = AniLibTest.h; sourceTree = "<group>"; };
		4565256B27FEDBE00021A313 /* AniLibTest.docc */ = {isa = PBXFileReference; lastKnownFileType = folder.documentationcatalog; path = AniLibTest.docc; sourceTree = "<group>"; };
		4565257127FEDBE00021A313 /* AniLibTestTests.xctest */ = {isa = PBXFileReference; explicitFileType = wrapper.cfbundle; includeInIndex = 0; path = AniLibTestTests.xctest; sourceTree = BUILT_PRODUCTS_DIR; };
		4565257627FEDBE00021A313 /* AniLibTestTests.swift */ = {isa = PBXFileReference; lastKnownFileType = sourcecode.swift; path = AniLibTestTests.swift; sourceTree = "<group>"; };
/* End PBXFileReference section */

/* Begin PBXFrameworksBuildPhase section */
		4565256427FEDBE00021A313 /* Frameworks */ = {
			isa = PBXFrameworksBuildPhase;
			buildActionMask = 2147483647;
			files = (
			);
			runOnlyForDeploymentPostprocessing = 0;
		};
		4565256E27FEDBE00021A313 /* Frameworks */ = {
			isa = PBXFrameworksBuildPhase;
			buildActionMask = 2147483647;
			files = (
				4565257227FEDBE00021A313 /* AniLibTest.framework in Frameworks */,
			);
			runOnlyForDeploymentPostprocessing = 0;
		};
/* End PBXFrameworksBuildPhase section */

/* Begin PBXGroup section */
		4565255D27FEDBE00021A313 = {
			isa = PBXGroup;
			children = (
				4565256927FEDBE00021A313 /* AniLibTest */,
				4565257527FEDBE00021A313 /* AniLibTestTests */,
				4565256827FEDBE00021A313 /* Products */,
			);
			sourceTree = "<group>";
		};
		4565256827FEDBE00021A313 /* Products */ = {
			isa = PBXGroup;
			children = (
				4565256727FEDBE00021A313 /* AniLibTest.framework */,
				4565257127FEDBE00021A313 /* AniLibTestTests.xctest */,
			);
			name = Products;
			sourceTree = "<group>";
		};
		4565256927FEDBE00021A313 /* AniLibTest */ = {
			isa = PBXGroup;
			children = (
				4565256A27FEDBE00021A313 /* AniLibTest.h */,
				4565256B27FEDBE00021A313 /* AniLibTest.docc */,
			);
			path = AniLibTest;
			sourceTree = "<group>";
		};
		4565257527FEDBE00021A313 /* AniLibTestTests */ = {
			isa = PBXGroup;
			children = (
				4565257627FEDBE00021A313 /* AniLibTestTests.swift */,
			);
			path = AniLibTestTests;
			sourceTree = "<group>";
		};
/* End PBXGroup section */

/* Begin PBXHeadersBuildPhase section */
		4565256227FEDBE00021A313 /* Headers */ = {
			isa = PBXHeadersBuildPhase;
			buildActionMask = 2147483647;
			files = (
				4565257827FEDBE00021A313 /* AniLibTest.h in Headers */,
			);
			runOnlyForDeploymentPostprocessing = 0;
		};
/* End PBXHeadersBuildPhase section */

/* Begin PBXNativeTarget section */
		4565256627FEDBE00021A313 /* AniLibTest */ = {
			isa = PBXNativeTarget;
			buildConfigurationList = 4565257B27FEDBE00021A313 /* Build configuration list for PBXNativeTarget "AniLibTest" */;
			buildPhases = (
				4565256227FEDBE00021A313 /* Headers */,
				4565256327FEDBE00021A313 /* Sources */,
				4565256427FEDBE00021A313 /* Frameworks */,
				4565256527FEDBE00021A313 /* Resources */,
			);
			buildRules = (
			);
			dependencies = (
			);
			name = AniLibTest;
			productName = AniLibTest;
			productReference = 4565256727FEDBE00021A313 /* AniLibTest.framework */;
			productType = "com.apple.product-type.framework";
		};
		4565257027FEDBE00021A313 /* AniLibTestTests */ = {
			isa = PBXNativeTarget;
			buildConfigurationList = 4565257E27FEDBE00021A313 /* Build configuration list for PBXNativeTarget "AniLibTestTests" */;
			buildPhases = (
				4565256D27FEDBE00021A313 /* Sources */,
				4565256E27FEDBE00021A313 /* Frameworks */,
				4565256F27FEDBE00021A313 /* Resources */,
			);
			buildRules = (
			);
			dependencies = (
				4565257427FEDBE00021A313 /* PBXTargetDependency */,
			);
			name = AniLibTestTests;
			productName = AniLibTestTests;
			productReference = 4565257127FEDBE00021A313 /* AniLibTestTests.xctest */;
			productType = "com.apple.product-type.bundle.unit-test";
		};
/* End PBXNativeTarget section */

/* Begin PBXProject section */
		4565255E27FEDBE00021A313 /* Project object */ = {
			isa = PBXProject;
			attributes = {
				BuildIndependentTargetsInParallel = 1;
				LastSwiftUpdateCheck = 1330;
				LastUpgradeCheck = 1330;
				TargetAttributes = {
					4565256627FEDBE00021A313 = {
						CreatedOnToolsVersion = 13.3;
					};
					4565257027FEDBE00021A313 = {
						CreatedOnToolsVersion = 13.3;
					};
				};
			};
			buildConfigurationList = 4565256127FEDBE00021A313 /* Build configuration list for PBXProject "AniLibTest" */;
			compatibilityVersion = "Xcode 13.0";
			developmentRegion = en;
			hasScannedForEncodings = 0;
			knownRegions = (
				en,
				Base,
			);
			mainGroup = 4565255D27FEDBE00021A313;
			productRefGroup = 4565256827FEDBE00021A313 /* Products */;
			projectDirPath = "";
			projectRoot = "";
			targets = (
				4565256627FEDBE00021A313 /* AniLibTest */,
				4565257027FEDBE00021A313 /* AniLibTestTests */,
			);
		};
/* End PBXProject section */

/* Begin PBXResourcesBuildPhase section */
		4565256527FEDBE00021A313 /* Resources */ = {
			isa = PBXResourcesBuildPhase;
			buildActionMask = 2147483647;
			files = (
			);
			runOnlyForDeploymentPostprocessing = 0;
		};
		4565256F27FEDBE00021A313 /* Resources */ = {
			isa = PBXResourcesBuildPhase;
			buildActionMask = 2147483647;
			files = (
			);
			runOnlyForDeploymentPostprocessing = 0;
		};
/* End PBXResourcesBuildPhase section */

/* Begin PBXSourcesBuildPhase section */
		4565256327FEDBE00021A313 /* Sources */ = {
			isa = PBXSourcesBuildPhase;
			buildActionMask = 2147483647;
			files = (
				4565256C27FEDBE00021A313 /* AniLibTest.docc in Sources */,
			);
			runOnlyForDeploymentPostprocessing = 0;
		};
		4565256D27FEDBE00021A313 /* Sources */ = {
			isa = PBXSourcesBuildPhase;
			buildActionMask = 2147483647;
			files = (
				4565257727FEDBE00021A313 /* AniLibTestTests.swift in Sources */,
			);
			runOnlyForDeploymentPostprocessing = 0;
		};
/* End PBXSourcesBuildPhase section */

/* Begin PBXTargetDependency section */
		4565257427FEDBE00021A313 /* PBXTargetDependency */ = {
			isa = PBXTargetDependency;
			target = 4565256627FEDBE00021A313 /* AniLibTest */;
			targetProxy = 4565257327FEDBE00021A313 /* PBXContainerItemProxy */;
		};
/* End PBXTargetDependency section */

/* Begin XCBuildConfiguration section */
		4565257927FEDBE00021A313 /* Debug */ = {
			isa = XCBuildConfiguration;
			buildSettings = {
				ALWAYS_SEARCH_USER_PATHS = NO;
				CLANG_ANALYZER_NONNULL = YES;
				CLANG_ANALYZER_NUMBER_OBJECT_CONVERSION = YES_AGGRESSIVE;
				CLANG_CXX_LANGUAGE_STANDARD = "gnu++17";
				CLANG_ENABLE_MODULES = YES;
				CLANG_ENABLE_OBJC_ARC = YES;
				CLANG_ENABLE_OBJC_WEAK = YES;
				CLANG_WARN_BLOCK_CAPTURE_AUTORELEASING = YES;
				CLANG_WARN_BOOL_CONVERSION = YES;
				CLANG_WARN_COMMA = YES;
				CLANG_WARN_CONSTANT_CONVERSION = YES;
				CLANG_WARN_DEPRECATED_OBJC_IMPLEMENTATIONS = YES;
				CLANG_WARN_DIRECT_OBJC_ISA_USAGE = YES_ERROR;
				CLANG_WARN_DOCUMENTATION_COMMENTS = YES;
				CLANG_WARN_EMPTY_BODY = YES;
				CLANG_WARN_ENUM_CONVERSION = YES;
				CLANG_WARN_INFINITE_RECURSION = YES;
				CLANG_WARN_INT_CONVERSION = YES;
				CLANG_WARN_NON_LITERAL_NULL_CONVERSION = YES;
				CLANG_WARN_OBJC_IMPLICIT_RETAIN_SELF = YES;
				CLANG_WARN_OBJC_LITERAL_CONVERSION = YES;
				CLANG_WARN_OBJC_ROOT_CLASS = YES_ERROR;
				CLANG_WARN_QUOTED_INCLUDE_IN_FRAMEWORK_HEADER = YES;
				CLANG_WARN_RANGE_LOOP_ANALYSIS = YES;
				CLANG_WARN_STRICT_PROTOTYPES = YES;
				CLANG_WARN_SUSPICIOUS_MOVE = YES;
				CLANG_WARN_UNGUARDED_AVAILABILITY = YES_AGGRESSIVE;
				CLANG_WARN_UNREACHABLE_CODE = YES;
				CLANG_WARN__DUPLICATE_METHOD_MATCH = YES;
				COPY_PHASE_STRIP = NO;
				CURRENT_PROJECT_VERSION = 1;
				DEBUG_INFORMATION_FORMAT = dwarf;
				ENABLE_STRICT_OBJC_MSGSEND = YES;
				ENABLE_TESTABILITY = YES;
				GCC_C_LANGUAGE_STANDARD = gnu11;
				GCC_DYNAMIC_NO_PIC = NO;
				GCC_NO_COMMON_BLOCKS = YES;
				GCC_OPTIMIZATION_LEVEL = 0;
				GCC_PREPROCESSOR_DEFINITIONS = (
					"DEBUG=1",
					"$(inherited)",
				);
				GCC_WARN_64_TO_32_BIT_CONVERSION = YES;
				GCC_WARN_ABOUT_RETURN_TYPE = YES_ERROR;
				GCC_WARN_UNDECLARED_SELECTOR = YES;
				GCC_WARN_UNINITIALIZED_AUTOS = YES_AGGRESSIVE;
				GCC_WARN_UNUSED_FUNCTION = YES;
				GCC_WARN_UNUSED_VARIABLE = YES;
				IPHONEOS_DEPLOYMENT_TARGET = 15.4;
				MTL_ENABLE_DEBUG_INFO = INCLUDE_SOURCE;
				MTL_FAST_MATH = YES;
				ONLY_ACTIVE_ARCH = YES;
				SDKROOT = iphoneos;
				SWIFT_ACTIVE_COMPILATION_CONDITIONS = DEBUG;
				SWIFT_OPTIMIZATION_LEVEL = "-Onone";
				VERSIONING_SYSTEM = "apple-generic";
				VERSION_INFO_PREFIX = "";
			};
			name = Debug;
		};
		4565257A27FEDBE00021A313 /* Release */ = {
			isa = XCBuildConfiguration;
			buildSettings = {
				ALWAYS_SEARCH_USER_PATHS = NO;
				CLANG_ANALYZER_NONNULL = YES;
				CLANG_ANALYZER_NUMBER_OBJECT_CONVERSION = YES_AGGRESSIVE;
				CLANG_CXX_LANGUAGE_STANDARD = "gnu++17";
				CLANG_ENABLE_MODULES = YES;
				CLANG_ENABLE_OBJC_ARC = YES;
				CLANG_ENABLE_OBJC_WEAK = YES;
				CLANG_WARN_BLOCK_CAPTURE_AUTORELEASING = YES;
				CLANG_WARN_BOOL_CONVERSION = YES;
				CLANG_WARN_COMMA = YES;
				CLANG_WARN_CONSTANT_CONVERSION = YES;
				CLANG_WARN_DEPRECATED_OBJC_IMPLEMENTATIONS = YES;
				CLANG_WARN_DIRECT_OBJC_ISA_USAGE = YES_ERROR;
				CLANG_WARN_DOCUMENTATION_COMMENTS = YES;
				CLANG_WARN_EMPTY_BODY = YES;
				CLANG_WARN_ENUM_CONVERSION = YES;
				CLANG_WARN_INFINITE_RECURSION = YES;
				CLANG_WARN_INT_CONVERSION = YES;
				CLANG_WARN_NON_LITERAL_NULL_CONVERSION = YES;
				CLANG_WARN_OBJC_IMPLICIT_RETAIN_SELF = YES;
				CLANG_WARN_OBJC_LITERAL_CONVERSION = YES;
				CLANG_WARN_OBJC_ROOT_CLASS = YES_ERROR;
				CLANG_WARN_QUOTED_INCLUDE_IN_FRAMEWORK_HEADER = YES;
				CLANG_WARN_RANGE_LOOP_ANALYSIS = YES;
				CLANG_WARN_STRICT_PROTOTYPES = YES;
				CLANG_WARN_SUSPICIOUS_MOVE = YES;
				CLANG_WARN_UNGUARDED_AVAILABILITY = YES_AGGRESSIVE;
				CLANG_WARN_UNREACHABLE_CODE = YES;
				CLANG_WARN__DUPLICATE_METHOD_MATCH = YES;
				COPY_PHASE_STRIP = NO;
				CURRENT_PROJECT_VERSION = 1;
				DEBUG_INFORMATION_FORMAT = "dwarf-with-dsym";
				ENABLE_NS_ASSERTIONS = NO;
				ENABLE_STRICT_OBJC_MSGSEND = YES;
				GCC_C_LANGUAGE_STANDARD = gnu11;
				GCC_NO_COMMON_BLOCKS = YES;
				GCC_WARN_64_TO_32_BIT_CONVERSION = YES;
				GCC_WARN_ABOUT_RETURN_TYPE = YES_ERROR;
				GCC_WARN_UNDECLARED_SELECTOR = YES;
				GCC_WARN_UNINITIALIZED_AUTOS = YES_AGGRESSIVE;
				GCC_WARN_UNUSED_FUNCTION = YES;
				GCC_WARN_UNUSED_VARIABLE = YES;
				IPHONEOS_DEPLOYMENT_TARGET = 15.4;
				MTL_ENABLE_DEBUG_INFO = NO;
				MTL_FAST_MATH = YES;
				SDKROOT = iphoneos;
				SWIFT_COMPILATION_MODE = wholemodule;
				SWIFT_OPTIMIZATION_LEVEL = "-O";
				VALIDATE_PRODUCT = YES;
				VERSIONING_SYSTEM = "apple-generic";
				VERSION_INFO_PREFIX = "";
			};
			name = Release;
		};
		4565257C27FEDBE00021A313 /* Debug */ = {
			isa = XCBuildConfiguration;
			buildSettings = {
				CODE_SIGN_STYLE = Automatic;
				CURRENT_PROJECT_VERSION = 1;
				DEFINES_MODULE = YES;
				DYLIB_COMPATIBILITY_VERSION = 1;
				DYLIB_CURRENT_VERSION = 1;
				DYLIB_INSTALL_NAME_BASE = "@rpath";
				GENERATE_INFOPLIST_FILE = YES;
				INFOPLIST_KEY_NSHumanReadableCopyright = "";
				INSTALL_PATH = "$(LOCAL_LIBRARY_DIR)/Frameworks";
				LD_RUNPATH_SEARCH_PATHS = (
					"$(inherited)",
					"@executable_path/Frameworks",
					"@loader_path/Frameworks",
				);
				MARKETING_VERSION = 1.0;
				PRODUCT_BUNDLE_IDENTIFIER = Ani.AniLibTest;
				PRODUCT_NAME = "$(TARGET_NAME:c99extidentifier)";
				SKIP_INSTALL = YES;
				SWIFT_EMIT_LOC_STRINGS = YES;
				SWIFT_VERSION = 5.0;
				TARGETED_DEVICE_FAMILY = "1,2";
			};
			name = Debug;
		};
		4565257D27FEDBE00021A313 /* Release */ = {
			isa = XCBuildConfiguration;
			buildSettings = {
				CODE_SIGN_STYLE = Automatic;
				CURRENT_PROJECT_VERSION = 1;
				DEFINES_MODULE = YES;
				DYLIB_COMPATIBILITY_VERSION = 1;
				DYLIB_CURRENT_VERSION = 1;
				DYLIB_INSTALL_NAME_BASE = "@rpath";
				GENERATE_INFOPLIST_FILE = YES;
				INFOPLIST_KEY_NSHumanReadableCopyright = "";
				INSTALL_PATH = "$(LOCAL_LIBRARY_DIR)/Frameworks";
				LD_RUNPATH_SEARCH_PATHS = (
					"$(inherited)",
					"@executable_path/Frameworks",
					"@loader_path/Frameworks",
				);
				MARKETING_VERSION = 1.0;
				PRODUCT_BUNDLE_IDENTIFIER = Ani.AniLibTest;
				PRODUCT_NAME = "$(TARGET_NAME:c99extidentifier)";
				SKIP_INSTALL = YES;
				SWIFT_EMIT_LOC_STRINGS = YES;
				SWIFT_VERSION = 5.0;
				TARGETED_DEVICE_FAMILY = "1,2";
			};
			name = Release;
		};
		4565257F27FEDBE00021A313 /* Debug */ = {
			isa = XCBuildConfiguration;
			buildSettings = {
				CODE_SIGN_STYLE = Automatic;
				CURRENT_PROJECT_VERSION = 1;
				GENERATE_INFOPLIST_FILE = YES;
				MARKETING_VERSION = 1.0;
				PRODUCT_BUNDLE_IDENTIFIER = Ani.AniLibTestTests;
				PRODUCT_NAME = "$(TARGET_NAME)";
				SWIFT_EMIT_LOC_STRINGS = NO;
				SWIFT_VERSION = 5.0;
				TARGETED_DEVICE_FAMILY = "1,2";
			};
			name = Debug;
		};
		4565258027FEDBE00021A313 /* Release */ = {
			isa = XCBuildConfiguration;
			buildSettings = {
				CODE_SIGN_STYLE = Automatic;
				CURRENT_PROJECT_VERSION = 1;
				GENERATE_INFOPLIST_FILE = YES;
				MARKETING_VERSION = 1.0;
				PRODUCT_BUNDLE_IDENTIFIER = Ani.AniLibTestTests;
				PRODUCT_NAME = "$(TARGET_NAME)";
				SWIFT_EMIT_LOC_STRINGS = NO;
				SWIFT_VERSION = 5.0;
				TARGETED_DEVICE_FAMILY = "1,2";
			};
			name = Release;
		};
/* End XCBuildConfiguration section */

/* Begin XCConfigurationList section */
		4565256127FEDBE00021A313 /* Build configuration list for PBXProject "AniLibTest" */ = {
			isa = XCConfigurationList;
			buildConfigurations = (
				4565257927FEDBE00021A313 /* Debug */,
				4565257A27FEDBE00021A313 /* Release */,
			);
			defaultConfigurationIsVisible = 0;
			defaultConfigurationName = Release;
		};
		4565257B27FEDBE00021A313 /* Build configuration list for PBXNativeTarget "AniLibTest" */ = {
			isa = XCConfigurationList;
			buildConfigurations = (
				4565257C27FEDBE00021A313 /* Debug */,
				4565257D27FEDBE00021A313 /* Release */,
			);
			defaultConfigurationIsVisible = 0;
			defaultConfigurationName = Release;
		};
		4565257E27FEDBE00021A313 /* Build configuration list for PBXNativeTarget "AniLibTestTests" */ = {
			isa = XCConfigurationList;
			buildConfigurations = (
				4565257F27FEDBE00021A313 /* Debug */,
				4565258027FEDBE00021A313 /* Release */,
			);
			defaultConfigurationIsVisible = 0;
			defaultConfigurationName = Release;
		};
/* End XCConfigurationList section */
	};
	rootObject = 4565255E27FEDBE00021A313 /* Project object */;
}
